
Microsoft Visual Studio Solution File, Format Version 12.00
# Visual Studio 15
VisualStudioVersion = 15.0.28307.539
MinimumVisualStudioVersion = 10.0.40219.1
Project("{FAE04EC0-301F-11D3-BF4B-00C04F79EFBC}") = "MatrixCalculator", "MatrixCalculator\MatrixCalculator.csproj", "{30A6C178-CCEB-4030-953F-FB34B605F922}"
EndProject
Global
	GlobalSection(SolutionConfigurationPlatforms) = preSolution
		Debug|Any CPU = Debug|Any CPU
		Release|Any CPU = Release|Any CPU
	EndGlobalSection
	GlobalSection(ProjectConfigurationPlatforms) = postSolution
		{30A6C178-CCEB-4030-953F-FB34B605F922}.Debug|Any CPU.ActiveCfg = Debug|Any CPU
		{30A6C178-CCEB-4030-953F-FB34B605F922}.Debug|Any CPU.Build.0 = Debug|Any CPU
		{30A6C178-CCEB-4030-953F-FB34B605F922}.Release|Any CPU.ActiveCfg = Release|Any CPU
		{30A6C178-CCEB-4030-953F-FB34B605F922}.Release|Any CPU.Build.0 = Release|Any CPU
	EndGlobalSection
	GlobalSection(SolutionProperties) = preSolution
		HideSolutionNode = FALSE
	EndGlobalSection
	GlobalSection(ExtensibilityGlobals) = postSolution
		SolutionGuid = {F8501F4B-2D68-4154-AD72-19C97FF0E69B}
	EndGlobalSection
EndGlobal
